Microsoft Visual Studio Solution File, Format Version 12.00
# Visual Studio Version 17
VisualStudioVersion = 17.5.2.0
MinimumVisualStudioVersion = 10.0.40219.1
Project("{FAE04EC0-301F-11D3-BF4B-00C04F79EFBC}") = "MyWorkshopApi", "MyWorkshopApi.csproj", "{B77DAE7D-BF3F-3989-64DF-29B102735E7B}"
EndProject
Global
	GlobalSection(SolutionConfigurationPlatforms) = preSolution
		Debug|Any CPU = Debug|Any CPU
		Release|Any CPU = Release|Any CPU
	EndGlobalSection
	GlobalSection(ProjectConfigurationPlatforms) = postSolution
		{B77DAE7D-BF3F-3989-64DF-29B102735E7B}.Debug|Any CPU.ActiveCfg = Debug|Any CPU
		{B77DAE7D-BF3F-3989-64DF-29B102735E7B}.Debug|Any CPU.Build.0 = Debug|Any CPU
		{B77DAE7D-BF3F-3989-64DF-29B102735E7B}.Release|Any CPU.ActiveCfg = Release|Any CPU
		{B77DAE7D-BF3F-3989-64DF-29B102735E7B}.Release|Any CPU.Build.0 = Release|Any CPU
	EndGlobalSection
	GlobalSection(SolutionProperties) = preSolution
		HideSolutionNode = FALSE
	EndGlobalSection
	GlobalSection(ExtensibilityGlobals) = postSolution
		SolutionGuid = {9DC8C25B-4E74-4B70-843F-B94433323915}
	EndGlobalSection
EndGlobal
